
Microsoft Visual Studio Solution File, Format Version 12.00
# Visual Studio 15
VisualStudioVersion = 15.0.28307.852
MinimumVisualStudioVersion = 10.0.40219.1
Project("{FAE04EC0-301F-11D3-BF4B-00C04F79EFBC}") = "Lab1Console", "Lab1Console\Lab1Console.csproj", "{B6074F7D-A386-4188-820F-1C15AF1159CB}"
EndProject
Project("{FAE04EC0-301F-11D3-BF4B-00C04F79EFBC}") = "Lab1WinForm", "Lab1WinForm\Lab1WinForm.csproj", "{21C440B2-3A23-4D24-BCF1-0B0FD847CBC6}"
EndProject
Project("{FAE04EC0-301F-11D3-BF4B-00C04F79EFBC}") = "Lab2", "Lab2\Lab2.csproj", "{8EB8998B-6B7D-4D66-A4E4-6EA1E4541065}"
EndProject
Project("{FAE04EC0-301F-11D3-BF4B-00C04F79EFBC}") = "Lab3", "Lab3\Lab3.csproj", "{1C65BE3C-4791-4F43-ACFC-AE79E3AA365A}"
EndProject
Global
	GlobalSection(SolutionConfigurationPlatforms) = preSolution
		Debug|Any CPU = Debug|Any CPU
		Release|Any CPU = Release|Any CPU
	EndGlobalSection
	GlobalSection(ProjectConfigurationPlatforms) = postSolution
		{B6074F7D-A386-4188-820F-1C15AF1159CB}.Debug|Any CPU.ActiveCfg = Debug|Any CPU
		{B6074F7D-A386-4188-820F-1C15AF1159CB}.Debug|Any CPU.Build.0 = Debug|Any CPU
		{B6074F7D-A386-4188-820F-1C15AF1159CB}.Release|Any CPU.ActiveCfg = Release|Any CPU
		{B6074F7D-A386-4188-820F-1C15AF1159CB}.Release|Any CPU.Build.0 = Release|Any CPU
		{21C440B2-3A23-4D24-BCF1-0B0FD847CBC6}.Debug|Any CPU.ActiveCfg = Debug|Any CPU
		{21C440B2-3A23-4D24-BCF1-0B0FD847CBC6}.Debug|Any CPU.Build.0 = Debug|Any CPU
		{21C440B2-3A23-4D24-BCF1-0B0FD847CBC6}.Release|Any CPU.ActiveCfg = Release|Any CPU
		{21C440B2-3A23-4D24-BCF1-0B0FD847CBC6}.Release|Any CPU.Build.0 = Release|Any CPU
		{8EB8998B-6B7D-4D66-A4E4-6EA1E4541065}.Debug|Any CPU.ActiveCfg = Debug|Any CPU
		{8EB8998B-6B7D-4D66-A4E4-6EA1E4541065}.Debug|Any CPU.Build.0 = Debug|Any CPU
		{8EB8998B-6B7D-4D66-A4E4-6EA1E4541065}.Release|Any CPU.ActiveCfg = Release|Any CPU
		{8EB8998B-6B7D-4D66-A4E4-6EA1E4541065}.Release|Any CPU.Build.0 = Release|Any CPU
		{1C65BE3C-4791-4F43-ACFC-AE79E3AA365A}.Debug|Any CPU.ActiveCfg = Debug|Any CPU
		{1C65BE3C-4791-4F43-ACFC-AE79E3AA365A}.Debug|Any CPU.Build.0 = Debug|Any CPU
		{1C65BE3C-4791-4F43-ACFC-AE79E3AA365A}.Release|Any CPU.ActiveCfg = Release|Any CPU
		{1C65BE3C-4791-4F43-ACFC-AE79E3AA365A}.Release|Any CPU.Build.0 = Release|Any CPU
	EndGlobalSection
	GlobalSection(SolutionProperties) = preSolution
		HideSolutionNode = FALSE
	EndGlobalSection
	GlobalSection(ExtensibilityGlobals) = postSolution
		SolutionGuid = {2ED9602A-DC13-4F60-B592-8354DCE9B5D9}
	EndGlobalSection
EndGlobal
